
Microsoft Visual Studio Solution File, Format Version 12.00
# Visual Studio 15
Project("{FAE04EC0-301F-11D3-BF4B-00C04F79EFBC}") = "Lab1", "Lab1\Lab1.csproj", "{3972195D-315A-494F-8A8A-87F44EF547C6}"
EndProject
Project("{2150E333-8FDC-42A3-9474-1A3956D46DE8}") = "Solution Items", "Solution Items", "{3EDF6628-ADA6-41E7-8D5D-020B0DA7D80E}"
	ProjectSection(SolutionItems) = preProject
		Task1.cs = Task1.cs
	EndProjectSection
EndProject
Global
	GlobalSection(SolutionConfigurationPlatforms) = preSolution
		Debug|Any CPU = Debug|Any CPU
		Release|Any CPU = Release|Any CPU
	EndGlobalSection
	GlobalSection(ProjectConfigurationPlatforms) = postSolution
		{3972195D-315A-494F-8A8A-87F44EF547C6}.Debug|Any CPU.ActiveCfg = Debug|Any CPU
		{3972195D-315A-494F-8A8A-87F44EF547C6}.Debug|Any CPU.Build.0 = Debug|Any CPU
		{3972195D-315A-494F-8A8A-87F44EF547C6}.Release|Any CPU.ActiveCfg = Release|Any CPU
		{3972195D-315A-494F-8A8A-87F44EF547C6}.Release|Any CPU.Build.0 = Release|Any CPU
	EndGlobalSection
EndGlobal
